
Microsoft Visual Studio Solution File, Format Version 12.00
# Visual Studio Version 17
VisualStudioVersion = 17.4.33205.214
MinimumVisualStudioVersion = 10.0.40219.1
Project("{FAE04EC0-301F-11D3-BF4B-00C04F79EFBC}") = "DM_FourthLab", "DM_FourthLab\DM_FourthLab.csproj", "{D25D2C63-26DF-4B42-A48F-A73C1F6F0BF0}"
EndProject
Global
	GlobalSection(SolutionConfigurationPlatforms) = preSolution
		Debug|Any CPU = Debug|Any CPU
		Release|Any CPU = Release|Any CPU
	EndGlobalSection
	GlobalSection(ProjectConfigurationPlatforms) = postSolution
		{D25D2C63-26DF-4B42-A48F-A73C1F6F0BF0}.Debug|Any CPU.ActiveCfg = Debug|Any CPU
		{D25D2C63-26DF-4B42-A48F-A73C1F6F0BF0}.Debug|Any CPU.Build.0 = Debug|Any CPU
		{D25D2C63-26DF-4B42-A48F-A73C1F6F0BF0}.Release|Any CPU.ActiveCfg = Release|Any CPU
		{D25D2C63-26DF-4B42-A48F-A73C1F6F0BF0}.Release|Any CPU.Build.0 = Release|Any CPU
	EndGlobalSection
	GlobalSection(SolutionProperties) = preSolution
		HideSolutionNode = FALSE
	EndGlobalSection
	GlobalSection(ExtensibilityGlobals) = postSolution
		SolutionGuid = {299B3808-DCBE-4B6C-B329-ED07FF74A8CC}
	EndGlobalSection
EndGlobal
